{
  "version": 4,
  "terraform_version": "1.6.4",
  "serial": 16,
  "lineage": "19353cdd-f08f-5447-1f21-98359bb87d4a",
  "outputs": {},
  "resources": [
    {
      "mode": "managed",
      "type": "newrelic_alert_policy",
      "name": "scripted_browser",
      "provider": "provider[\"registry.terraform.io/newrelic/newrelic\"]",
      "instances": [
        {
          "schema_version": 0,
          "attributes": {
            "account_id": 4197589,
            "channel_ids": null,
            "id": "4942572",
            "incident_preference": "PER_CONDITION",
            "name": "Scripted-Browser-policy"
          },
          "sensitive_attributes": [],
          "private": "bnVsbA=="
        }
      ]
    },
    {
      "mode": "managed",
      "type": "newrelic_notification_channel",
      "name": "team_email_channel",
      "provider": "provider[\"registry.terraform.io/newrelic/newrelic\"]",
      "instances": [
        {
          "schema_version": 0,
          "attributes": {
            "account_id": 4197589,
            "active": true,
            "destination_id": "73ae6199-b542-4385-9d35-31fdb45c4248",
            "id": "18752130-35fc-4ea7-8e66-29aac787df4a",
            "name": "Notify-Channel-Subject",
            "product": "IINT",
            "property": [
              {
                "display_value": "",
                "key": "subject",
                "label": "",
                "value": "{{priority}} -[{{state}}] - [{{issueTitle}}]  [Issue Closed By:{{ closedBy}}] [ViolationClosedCause{{accumulations.violationClosedCause}}] [LastIncidentCloseReason:{{accumulations.lastIncidentCloseReason}}]"
              },
              {
                "display_value": null,
                "key": "source",
                "label": "terraform-source-internal",
                "value": "terraform"
              }
            ],
            "status": "DEFAULT",
            "type": "EMAIL"
          },
          "sensitive_attributes": [],
          "private": "bnVsbA==",
          "dependencies": [
            "newrelic_notification_destination.team_email_destination"
          ]
        }
      ]
    },
    {
      "mode": "managed",
      "type": "newrelic_notification_destination",
      "name": "team_email_destination",
      "provider": "provider[\"registry.terraform.io/newrelic/newrelic\"]",
      "instances": [
        {
          "schema_version": 1,
          "attributes": {
            "account_id": 4197589,
            "active": true,
            "auth_basic": [],
            "auth_token": [],
            "id": "73ae6199-b542-4385-9d35-31fdb45c4248",
            "last_sent": "",
            "name": "Destination-Teams-Mails",
            "property": [
              {
                "display_value": "",
                "key": "email",
                "label": "",
                "value": "dhanushlogesh62@gmail.com,abinsingh2016@gmail.com"
              },
              {
                "display_value": "",
                "key": "source",
                "label": "terraform-source-internal",
                "value": "terraform"
              }
            ],
            "status": "DEFAULT",
            "type": "EMAIL"
          },
          "sensitive_attributes": [],
          "private": "eyJzY2hlbWFfdmVyc2lvbiI6IjEifQ=="
        }
      ]
    },
    {
      "mode": "managed",
      "type": "newrelic_nrql_alert_condition",
      "name": "high_cpu_usage",
      "provider": "provider[\"registry.terraform.io/newrelic/newrelic\"]",
      "instances": [
        {
          "schema_version": 0,
          "attributes": {
            "account_id": 4197589,
            "aggregation_delay": "120",
            "aggregation_method": "event_flow",
            "aggregation_timer": null,
            "aggregation_window": 60,
            "baseline_direction": null,
            "close_violations_on_expiration": true,
            "critical": [
              {
                "duration": 0,
                "operator": "above",
                "threshold": 3,
                "threshold_duration": 60,
                "threshold_occurrences": "all",
                "time_function": ""
              }
            ],
            "description": "Warning if checks failed in 2 time and critical if failed 3 times",
            "enabled": true,
            "entity_guid": "NDE5NzU4OXxBSU9QU3xDT05ESVRJT058Mzc5MTcyNjk",
            "evaluation_delay": null,
            "expiration_duration": 120,
            "fill_option": "none",
            "fill_value": 0,
            "id": "4942572:37917269",
            "name": " CHECKS FAILED ",
            "nrql": [
              {
                "evaluation_offset": 0,
                "query": "SELECT max(duration) FROM SyntheticCheck",
                "since_value": ""
              }
            ],
            "open_violation_on_expiration": true,
            "policy_id": 4942572,
            "runbook_url": "",
            "slide_by": null,
            "term": [],
            "timeouts": null,
            "type": "static",
            "violation_time_limit": "ONE_HOUR",
            "violation_time_limit_seconds": 3600,
            "warning": [
              {
                "duration": 0,
                "operator": "equals",
                "threshold": 1,
                "threshold_duration": 60,
                "threshold_occurrences": "all",
                "time_function": ""
              }
            ]
          },
          "sensitive_attributes": [],
          "private": "eyJlMmJmYjczMC1lY2FhLTExZTYtOGY4OC0zNDM2M2JjN2M0YzAiOnsiY3JlYXRlIjozMDAwMDAwMDAwMH19",
          "dependencies": [
            "newrelic_alert_policy.scripted_browser"
          ]
        }
      ]
    },
    {
      "mode": "managed",
      "type": "newrelic_synthetics_script_monitor",
      "name": "Newrelic-Login-Test",
      "provider": "provider[\"registry.terraform.io/newrelic/newrelic\"]",
      "instances": [
        {
          "schema_version": 0,
          "attributes": {
            "account_id": 4197589,
            "device_orientation": null,
            "device_type": null,
            "enable_screenshot_on_failure_and_script": true,
            "guid": "NDE5NzU4OXxTWU5USHxNT05JVE9SfDY5NjcxMjc4LTQ1ZDUtNDNkNC1iZDBjLTVmMDk0YmU0MGU0Nw",
            "id": "NDE5NzU4OXxTWU5USHxNT05JVE9SfDY5NjcxMjc4LTQ1ZDUtNDNkNC1iZDBjLTVmMDk0YmU0MGU0Nw",
            "location_private": [],
            "locations_public": [
              "AP_SOUTHEAST_1",
              "AP_SOUTH_1",
              "US_WEST_1"
            ],
            "name": "Newrelic-Login-Test",
            "period": "EVERY_12_HOURS",
            "period_in_minutes": 720,
            "runtime_type": "CHROME_BROWSER",
            "runtime_type_version": "100",
            "script": "assert = require('assert');\nvar defaultTimeout = 30000;\n\n$browser.get('https://login.newrelic.com').then(function() {\n  $browser.waitForAndFindElement($driver.By.id('login_email'),defaultTimeout).then(function(loginEmail) {\n\n\n  //SECURE CRED HERE\n  loginEmail.sendKeys($secure.NR_LOGIN_NAME).then(function() {\n\n    $browser.waitForAndFindElement($driver.By.id('login_password'), defaultTimeout).then(function(passInput) {\n\n   //SECURE CRED HERE\n   passInput.sendKeys($secure.NR_PSWD).then(function() {\n\n    $browser.waitForAndFindElement($driver.By.id('login_submit'), defaultTimeout).then(function(loginButton) {\n       loginButton.click();\n\n               })\n            })\n         })\n      })\n   })\n})\n",
            "script_language": "JAVASCRIPT",
            "status": "ENABLED",
            "tag": [],
            "type": "SCRIPT_BROWSER"
          },
          "sensitive_attributes": [],
          "private": "bnVsbA=="
        }
      ]
    },
    {
      "mode": "managed",
      "type": "newrelic_workflow",
      "name": "team_workflow",
      "provider": "provider[\"registry.terraform.io/newrelic/newrelic\"]",
      "instances": [
        {
          "schema_version": 1,
          "attributes": {
            "account_id": 4197589,
            "destination": [
              {
                "channel_id": "18752130-35fc-4ea7-8e66-29aac787df4a",
                "name": "Notify-Channel-Subject",
                "notification_triggers": [
                  "ACTIVATED",
                  "ACKNOWLEDGED",
                  "PRIORITY_CHANGED",
                  "CLOSED"
                ],
                "type": "EMAIL"
              }
            ],
            "destinations_enabled": true,
            "enabled": true,
            "enrichments": [],
            "enrichments_enabled": true,
            "guid": "NDE5NzU4OXxBSU9QU3xXT1JLRkxPV3w4ZmQ3YWNhMy0yNjczLTQ2MDctOTViMC05MGJkYmQ3YTdhN2M",
            "id": "8fd7aca3-2673-4607-95b0-90bdbd7a7a7c",
            "issues_filter": [
              {
                "filter_id": "0648913a-f256-4e06-8a76-4ea1fb8bd810",
                "name": "filter-example",
                "predicate": [
                  {
                    "attribute": "priority",
                    "operator": "EQUAL",
                    "values": [
                      "HIGH",
                      "CRITICAL"
                    ]
                  }
                ],
                "type": "FILTER"
              }
            ],
            "last_run": "2023-11-20T13:21:51.793134Z",
            "muting_rules_handling": "NOTIFY_ALL_ISSUES",
            "name": "SYNTHETIC-WORKFLOW",
            "workflow_id": "8fd7aca3-2673-4607-95b0-90bdbd7a7a7c"
          },
          "sensitive_attributes": [],
          "private": "eyJzY2hlbWFfdmVyc2lvbiI6IjEifQ==",
          "dependencies": [
            "newrelic_notification_channel.team_email_channel",
            "newrelic_notification_destination.team_email_destination"
          ]
        }
      ]
    }
  ],
  "check_results": null
}
